{
  "requires": true,
  "lockfileVersion": 1,
  "dependencies": {
    "node": {
      "version": "8.5.0",
      "resolved": "https://registry.npmjs.org/node/-/node-8.5.0.tgz",
      "integrity": "sha512-2Pg+WG5goEcIl/BarrDmytRTBkxnivKKlU/jKdgXb6kfmp65oFVGGt7foSs1iupeApu+T6Ss9jeHdUTKUqkMVQ==",
      "requires": {
        "node-bin-setup": "^1.0.0"
      }
    },
    "node-bin-setup": {
      "version": "1.1.0",
      "resolved": "https://registry.npmjs.org/node-bin-setup/-/node-bin-setup-1.1.0.tgz",
      "integrity": "sha512-pTeU6NgUrexiLNtd+AKwvg6cngHMvj5FZ5e2bbv2ogBSIc9yhkXSSaTScfSRZnwHIh5YFmYSYlemLWkiKD7rog=="
    }
  }
}
